
Microsoft Visual Studio Solution File, Format Version 12.00
# Visual Studio 15
VisualStudioVersion = 15.0.28307.902
MinimumVisualStudioVersion = 10.0.40219.1
Project("{FAE04EC0-301F-11D3-BF4B-00C04F79EFBC}") = "Wronghole", "Wronghole\Wronghole.csproj", "{3C651E80-0C0B-40A7-A547-C8017451F215}"
EndProject
Project("{FAE04EC0-301F-11D3-BF4B-00C04F79EFBC}") = "TCPClient", "TCPClient\TCPClient.csproj", "{62BC1A25-DAD3-4506-ADB5-1433C8EA9E18}"
EndProject
Global
	GlobalSection(SolutionConfigurationPlatforms) = preSolution
		Debug|Any CPU = Debug|Any CPU
		Debug|x64 = Debug|x64
		Debug|x86 = Debug|x86
		Release|Any CPU = Release|Any CPU
		Release|x64 = Release|x64
		Release|x86 = Release|x86
	EndGlobalSection
	GlobalSection(ProjectConfigurationPlatforms) = postSolution
		{3C651E80-0C0B-40A7-A547-C8017451F215}.Debug|Any CPU.ActiveCfg = Debug|Any CPU
		{3C651E80-0C0B-40A7-A547-C8017451F215}.Debug|Any CPU.Build.0 = Debug|Any CPU
		{3C651E80-0C0B-40A7-A547-C8017451F215}.Debug|x64.ActiveCfg = Debug|Any CPU
		{3C651E80-0C0B-40A7-A547-C8017451F215}.Debug|x64.Build.0 = Debug|Any CPU
		{3C651E80-0C0B-40A7-A547-C8017451F215}.Debug|x86.ActiveCfg = Debug|Any CPU
		{3C651E80-0C0B-40A7-A547-C8017451F215}.Debug|x86.Build.0 = Debug|Any CPU
		{3C651E80-0C0B-40A7-A547-C8017451F215}.Release|Any CPU.ActiveCfg = Release|Any CPU
		{3C651E80-0C0B-40A7-A547-C8017451F215}.Release|Any CPU.Build.0 = Release|Any CPU
		{3C651E80-0C0B-40A7-A547-C8017451F215}.Release|x64.ActiveCfg = Release|Any CPU
		{3C651E80-0C0B-40A7-A547-C8017451F215}.Release|x64.Build.0 = Release|Any CPU
		{3C651E80-0C0B-40A7-A547-C8017451F215}.Release|x86.ActiveCfg = Release|Any CPU
		{3C651E80-0C0B-40A7-A547-C8017451F215}.Release|x86.Build.0 = Release|Any CPU
		{62BC1A25-DAD3-4506-ADB5-1433C8EA9E18}.Debug|Any CPU.ActiveCfg = Debug|Any CPU
		{62BC1A25-DAD3-4506-ADB5-1433C8EA9E18}.Debug|Any CPU.Build.0 = Debug|Any CPU
		{62BC1A25-DAD3-4506-ADB5-1433C8EA9E18}.Debug|x64.ActiveCfg = Debug|Any CPU
		{62BC1A25-DAD3-4506-ADB5-1433C8EA9E18}.Debug|x64.Build.0 = Debug|Any CPU
		{62BC1A25-DAD3-4506-ADB5-1433C8EA9E18}.Debug|x86.ActiveCfg = Debug|Any CPU
		{62BC1A25-DAD3-4506-ADB5-1433C8EA9E18}.Debug|x86.Build.0 = Debug|Any CPU
		{62BC1A25-DAD3-4506-ADB5-1433C8EA9E18}.Release|Any CPU.ActiveCfg = Release|Any CPU
		{62BC1A25-DAD3-4506-ADB5-1433C8EA9E18}.Release|Any CPU.Build.0 = Release|Any CPU
		{62BC1A25-DAD3-4506-ADB5-1433C8EA9E18}.Release|x64.ActiveCfg = Release|Any CPU
		{62BC1A25-DAD3-4506-ADB5-1433C8EA9E18}.Release|x64.Build.0 = Release|Any CPU
		{62BC1A25-DAD3-4506-ADB5-1433C8EA9E18}.Release|x86.ActiveCfg = Release|Any CPU
		{62BC1A25-DAD3-4506-ADB5-1433C8EA9E18}.Release|x86.Build.0 = Release|Any CPU
	EndGlobalSection
	GlobalSection(SolutionProperties) = preSolution
		HideSolutionNode = FALSE
	EndGlobalSection
	GlobalSection(ExtensibilityGlobals) = postSolution
		SolutionGuid = {4EE7C359-99C8-4770-971E-146BEEC1C52E}
	EndGlobalSection
EndGlobal
